<Solution>
  <Project Path="HeadlessNotClueless.Umbraco/HeadlessNotClueless.Umbraco.csproj" />
  <Project Path="HeadlessNotClueless.UmbracoExtensions/HeadlessNotClueless.UmbracoExtensions.csproj" />
  <Project Path="HeadlessNotClueless.UmbracoModels/HeadlessNotClueless.UmbracoModels.csproj" />
</Solution>
